{
  "version": "3",
  "remote": {
    "https://deno.land/std@0.203.0/assert/_constants.ts": "8a9da298c26750b28b326b297316cdde860bc237533b07e1337c021379e6b2a9",
    "https://deno.land/std@0.203.0/assert/_diff.ts": "1a3c044aedf77647d6cac86b798c6417603361b66b54c53331b312caeb447aea",
    "https://deno.land/std@0.203.0/assert/_format.ts": "a69126e8a469009adf4cf2a50af889aca364c349797e63174884a52ff75cf4c7",
    "https://deno.land/std@0.203.0/assert/assert.ts": "9a97dad6d98c238938e7540736b826440ad8c1c1e54430ca4c4e623e585607ee",
    "https://deno.land/std@0.203.0/assert/assert_almost_equals.ts": "e15ca1f34d0d5e0afae63b3f5d975cbd18335a132e42b0c747d282f62ad2cd6c",
    "https://deno.land/std@0.203.0/assert/assert_array_includes.ts": "6856d7f2c3544bc6e62fb4646dfefa3d1df5ff14744d1bca19f0cbaf3b0d66c9",
    "https://deno.land/std@0.203.0/assert/assert_equals.ts": "d8ec8a22447fbaf2fc9d7c3ed2e66790fdb74beae3e482855d75782218d68227",
    "https://deno.land/std@0.203.0/assert/assert_exists.ts": "407cb6b9fb23a835cd8d5ad804e2e2edbbbf3870e322d53f79e1c7a512e2efd7",
    "https://deno.land/std@0.203.0/assert/assert_false.ts": "0ccbcaae910f52c857192ff16ea08bda40fdc79de80846c206bfc061e8c851c6",
    "https://deno.land/std@0.203.0/assert/assert_greater.ts": "ae2158a2d19313bf675bf7251d31c6dc52973edb12ac64ac8fc7064152af3e63",
    "https://deno.land/std@0.203.0/assert/assert_greater_or_equal.ts": "1439da5ebbe20855446cac50097ac78b9742abe8e9a43e7de1ce1426d556e89c",
    "https://deno.land/std@0.203.0/assert/assert_instance_of.ts": "3aedb3d8186e120812d2b3a5dea66a6e42bf8c57a8bd927645770bd21eea554c",
    "https://deno.land/std@0.203.0/assert/assert_is_error.ts": "c21113094a51a296ffaf036767d616a78a2ae5f9f7bbd464cd0197476498b94b",
    "https://deno.land/std@0.203.0/assert/assert_less.ts": "aec695db57db42ec3e2b62e97e1e93db0063f5a6ec133326cc290ff4b71b47e4",
    "https://deno.land/std@0.203.0/assert/assert_less_or_equal.ts": "5fa8b6a3ffa20fd0a05032fe7257bf985d207b85685fdbcd23651b70f928c848",
    "https://deno.land/std@0.203.0/assert/assert_match.ts": "c4083f80600bc190309903c95e397a7c9257ff8b5ae5c7ef91e834704e672e9b",
    "https://deno.land/std@0.203.0/assert/assert_not_equals.ts": "9f1acab95bd1f5fc9a1b17b8027d894509a745d91bac1718fdab51dc76831754",
    "https://deno.land/std@0.203.0/assert/assert_not_instance_of.ts": "0c14d3dfd9ab7a5276ed8ed0b18c703d79a3d106102077ec437bfe7ed912bd22",
    "https://deno.land/std@0.203.0/assert/assert_not_match.ts": "3796a5b0c57a1ce6c1c57883dd4286be13a26f715ea662318ab43a8491a13ab0",
    "https://deno.land/std@0.203.0/assert/assert_not_strict_equals.ts": "ca6c6d645e95fbc873d25320efeb8c4c6089a9a5e09f92d7c1c4b6e935c2a6ad",
    "https://deno.land/std@0.203.0/assert/assert_object_match.ts": "d8fc2867cfd92eeacf9cea621e10336b666de1874a6767b5ec48988838370b54",
    "https://deno.land/std@0.203.0/assert/assert_rejects.ts": "45c59724de2701e3b1f67c391d6c71c392363635aad3f68a1b3408f9efca0057",
    "https://deno.land/std@0.203.0/assert/assert_strict_equals.ts": "b1f538a7ea5f8348aeca261d4f9ca603127c665e0f2bbfeb91fa272787c87265",
    "https://deno.land/std@0.203.0/assert/assert_string_includes.ts": "b821d39ebf5cb0200a348863c86d8c4c4b398e02012ce74ad15666fc4b631b0c",
    "https://deno.land/std@0.203.0/assert/assert_throws.ts": "63784e951475cb7bdfd59878cd25a0931e18f6dc32a6077c454b2cd94f4f4bcd",
    "https://deno.land/std@0.203.0/assert/assertion_error.ts": "4d0bde9b374dfbcbe8ac23f54f567b77024fb67dbb1906a852d67fe050d42f56",
    "https://deno.land/std@0.203.0/assert/equal.ts": "9f1a46d5993966d2596c44e5858eec821859b45f783a5ee2f7a695dfc12d8ece",
    "https://deno.land/std@0.203.0/assert/fail.ts": "c36353d7ae6e1f7933d45f8ea51e358c8c4b67d7e7502028598fe1fea062e278",
    "https://deno.land/std@0.203.0/assert/mod.ts": "37c49a26aae2b254bbe25723434dc28cd7532e444cf0b481a97c045d110ec085",
    "https://deno.land/std@0.203.0/assert/unimplemented.ts": "d56fbeecb1f108331a380f72e3e010a1f161baa6956fd0f7cf3e095ae1a4c75a",
    "https://deno.land/std@0.203.0/assert/unreachable.ts": "4600dc0baf7d9c15a7f7d234f00c23bca8f3eba8b140286aaca7aa998cf9a536",
    "https://deno.land/std@0.203.0/fmt/colors.ts": "c51c4642678eb690dcf5ffee5918b675bf01a33fba82acf303701ae1a4f8c8d9",
    "https://deno.land/std@0.203.0/testing/_test_suite.ts": "30f018feeb3835f12ab198d8a518f9089b1bcb2e8c838a8b615ab10d5005465c",
    "https://deno.land/std@0.203.0/testing/asserts.ts": "b4e4b1359393aeff09e853e27901a982c685cb630df30426ed75496961931946",
    "https://deno.land/std@0.203.0/testing/bdd.ts": "3f446df5ef8e856a869e8eec54c8482590415741ff0b6358a00c43486cc15769",
    "https://deno.land/std@0.203.0/testing/mock.ts": "6576b4aa55ee20b1990d656a78fff83599e190948c00e9f25a7f3ac5e9d6492d",
    "https://deno.land/std@0.213.0/assert/_constants.ts": "a271e8ef5a573f1df8e822a6eb9d09df064ad66a4390f21b3e31f820a38e0975",
    "https://deno.land/std@0.213.0/assert/_diff.ts": "dcc63d94ca289aec80644030cf88ccbf7acaa6fbd7b0f22add93616b36593840",
    "https://deno.land/std@0.213.0/assert/_format.ts": "0ba808961bf678437fb486b56405b6fefad2cf87b5809667c781ddee8c32aff4",
    "https://deno.land/std@0.213.0/assert/assert.ts": "bec068b2fccdd434c138a555b19a2c2393b71dfaada02b7d568a01541e67cdc5",
    "https://deno.land/std@0.213.0/assert/assert_almost_equals.ts": "8b96b7385cc117668b0720115eb6ee73d04c9bcb2f5d2344d674918c9113688f",
    "https://deno.land/std@0.213.0/assert/assert_array_includes.ts": "1688d76317fd45b7e93ef9e2765f112fdf2b7c9821016cdfb380b9445374aed1",
    "https://deno.land/std@0.213.0/assert/assert_equals.ts": "4497c56fe7d2993b0d447926702802fc0becb44e319079e8eca39b482ee01b4e",
    "https://deno.land/std@0.213.0/assert/assert_exists.ts": "24a7bf965e634f909242cd09fbaf38bde6b791128ece08e33ab08586a7cc55c9",
    "https://deno.land/std@0.213.0/assert/assert_false.ts": "6f382568e5128c0f855e5f7dbda8624c1ed9af4fcc33ef4a9afeeedcdce99769",
    "https://deno.land/std@0.213.0/assert/assert_greater.ts": "4945cf5729f1a38874d7e589e0fe5cc5cd5abe5573ca2ddca9d3791aa891856c",
    "https://deno.land/std@0.213.0/assert/assert_greater_or_equal.ts": "573ed8823283b8d94b7443eb69a849a3c369a8eb9666b2d1db50c33763a5d219",
    "https://deno.land/std@0.213.0/assert/assert_instance_of.ts": "72dc1faff1e248692d873c89382fa1579dd7b53b56d52f37f9874a75b11ba444",
    "https://deno.land/std@0.213.0/assert/assert_is_error.ts": "6596f2b5ba89ba2fe9b074f75e9318cda97a2381e59d476812e30077fbdb6ed2",
    "https://deno.land/std@0.213.0/assert/assert_less.ts": "2b4b3fe7910f65f7be52212f19c3977ecb8ba5b2d6d0a296c83cde42920bb005",
    "https://deno.land/std@0.213.0/assert/assert_less_or_equal.ts": "b93d212fe669fbde959e35b3437ac9a4468f2e6b77377e7b6ea2cfdd825d38a0",
    "https://deno.land/std@0.213.0/assert/assert_match.ts": "ec2d9680ed3e7b9746ec57ec923a17eef6d476202f339ad91d22277d7f1d16e1",
    "https://deno.land/std@0.213.0/assert/assert_not_equals.ts": "f3edda73043bc2c9fae6cbfaa957d5c69bbe76f5291a5b0466ed132c8789df4c",
    "https://deno.land/std@0.213.0/assert/assert_not_instance_of.ts": "8f720d92d83775c40b2542a8d76c60c2d4aeddaf8713c8d11df8984af2604931",
    "https://deno.land/std@0.213.0/assert/assert_not_match.ts": "b4b7c77f146963e2b673c1ce4846473703409eb93f5ab0eb60f6e6f8aeffe39f",
    "https://deno.land/std@0.213.0/assert/assert_not_strict_equals.ts": "da0b8ab60a45d5a9371088378e5313f624799470c3b54c76e8b8abeec40a77be",
    "https://deno.land/std@0.213.0/assert/assert_object_match.ts": "e85e5eef62a56ce364c3afdd27978ccab979288a3e772e6855c270a7b118fa49",
    "https://deno.land/std@0.213.0/assert/assert_rejects.ts": "e9e0c8d9c3e164c7ac962c37b3be50577c5a2010db107ed272c4c1afb1269f54",
    "https://deno.land/std@0.213.0/assert/assert_strict_equals.ts": "0425a98f70badccb151644c902384c12771a93e65f8ff610244b8147b03a2366",
    "https://deno.land/std@0.213.0/assert/assert_string_includes.ts": "dfb072a890167146f8e5bdd6fde887ce4657098e9f71f12716ef37f35fb6f4a7",
    "https://deno.land/std@0.213.0/assert/assert_throws.ts": "edddd86b39606c342164b49ad88dd39a26e72a26655e07545d172f164b617fa7",
    "https://deno.land/std@0.213.0/assert/assertion_error.ts": "9f689a101ee586c4ce92f52fa7ddd362e86434ffdf1f848e45987dc7689976b8",
    "https://deno.land/std@0.213.0/assert/equal.ts": "fae5e8a52a11d3ac694bbe1a53e13a7969e3f60791262312e91a3e741ae519e2",
    "https://deno.land/std@0.213.0/assert/fail.ts": "f310e51992bac8e54f5fd8e44d098638434b2edb802383690e0d7a9be1979f1c",
    "https://deno.land/std@0.213.0/assert/mod.ts": "325df8c0683ad83a873b9691aa66b812d6275fc9fec0b2d180ac68a2c5efed3b",
    "https://deno.land/std@0.213.0/assert/unimplemented.ts": "47ca67d1c6dc53abd0bd729b71a31e0825fc452dbcd4fde4ca06789d5644e7fd",
    "https://deno.land/std@0.213.0/assert/unreachable.ts": "38cfecb95d8b06906022d2f9474794fca4161a994f83354fd079cac9032b5145",
    "https://deno.land/std@0.213.0/fmt/colors.ts": "aeaee795471b56fc62a3cb2e174ed33e91551b535f44677f6320336aabb54fbb",
    "https://deno.land/std@0.213.0/testing/_test_suite.ts": "f10a8a6338b60c403f07a76f3f46bdc9f1e1a820c0a1decddeb2949f7a8a0546",
    "https://deno.land/std@0.213.0/testing/bdd.ts": "3cbd17bd35f629a76ce63446238dfb4632240dd46b3b205027c45fa3dd67e554",
    "https://deno.land/std@0.213.0/testing/mock.ts": "4c35c9bc7d63cabceadf8fa1d0771104d754352c54054e11e068f9af08821234",
    "https://denopkg.com/intv8/common-exceptions@dev/deps.ts": "d02b1f64c40f85e0b4fe52d872b407873372f05e9215d7db8bbada5e55960bea",
    "https://denopkg.com/intv8/common-exceptions@dev/mod.ts": "eeca91f995393e87259026fe6b8d44f989624ef76297f7a188e97296f1d5eede",
    "https://denopkg.com/intv8/common-exceptions@dev/src/_internals/constants.ts": "2cc331bf8aa90bea4f470223f55f1691da26f8288500006b9907d36ef766bf11",
    "https://denopkg.com/intv8/common-exceptions@dev/src/_internals/mod.ts": "bbd4367f713273f9d818cda89d6e47c7289b36f16945f76c060f26613f938dd8",
    "https://denopkg.com/intv8/common-exceptions@dev/src/_internals/validate_bounds.ts": "c33a4784266f8b69a0052cb43ba8a843b3cbad92038bcf1a36d4c43d36acd57f",
    "https://denopkg.com/intv8/common-exceptions@dev/src/exceptions/aborted_exception.ts": "5f9b75ff666c785b5b390ec21e73a0ca22a85bbc57dc4f4c84b2f60fa90bbbf2",
    "https://denopkg.com/intv8/common-exceptions@dev/src/exceptions/argument_exception.ts": "4a00e405b03f1d145dc14bbe27465d464a6f5c88c8259655f51eeb51cb927f38",
    "https://denopkg.com/intv8/common-exceptions@dev/src/exceptions/argument_index_exception.ts": "0e7bb97d6c2ac89f2cbe8e403bafecba52802fa44fe4230b7c44a3ef9843f691",
    "https://denopkg.com/intv8/common-exceptions@dev/src/exceptions/assertion_exception.ts": "b12c67055747210f6167748c24370ad7832426fab6cebd247ad071fff7a1ebd8",
    "https://denopkg.com/intv8/common-exceptions@dev/src/exceptions/connection_exception.ts": "237887bc95409a5736bfdcf21cafd3b5b43323e382a63d83c2af36744026ed0c",
    "https://denopkg.com/intv8/common-exceptions@dev/src/exceptions/decorator_exception.ts": "c83a13c3c95d0e1b5e95154a0a97c240852a78946a78045b6ce491f09f29b30e",
    "https://denopkg.com/intv8/common-exceptions@dev/src/exceptions/disk_exception.ts": "f81d28bace6a53b7cf633ac3cf8d3cdb77cbe034d393f52659e5b13d0c5b2fe1",
    "https://denopkg.com/intv8/common-exceptions@dev/src/exceptions/exception.ts": "9fd7635c43b87a961a9a15f1cd27e74c59910514d82cd9fb34585037126ea33b",
    "https://denopkg.com/intv8/common-exceptions@dev/src/exceptions/external_exception.ts": "ea1af1b7e4ca79cdf8e9e9e0d6231839ea55f57521bb53437fbb7d929c847c8d",
    "https://denopkg.com/intv8/common-exceptions@dev/src/exceptions/format_exception.ts": "347f69f8e14d6453a1ffb3b01534cc39210fb850f6a3b0de9e5e89975c2ee756",
    "https://denopkg.com/intv8/common-exceptions@dev/src/exceptions/index_exception.ts": "3d46795e06fe630b56ee0a3e54bc538557bc5ed92ebbdf292bbb175670da0e38",
    "https://denopkg.com/intv8/common-exceptions@dev/src/exceptions/interrupt_exception.ts": "a8ef630ac659636d4276f97e06948e8e4f1e0c97c007b2282d215ae98f1c8d03",
    "https://denopkg.com/intv8/common-exceptions@dev/src/exceptions/invalid_exception.ts": "cef9fb7cdd9aaf0e5ba5be31348192ca2d4220894e557b787881f22207b61fba",
    "https://denopkg.com/intv8/common-exceptions@dev/src/exceptions/iteration_exception.ts": "7e401b8c1c28d67368392e492d9dfbe25efd042b1c690b9df8e5a450ed1a587e",
    "https://denopkg.com/intv8/common-exceptions@dev/src/exceptions/key_exception.ts": "4b7fb9472db3721270c4d70d7bacb72b08a2c05625af78e7738d7d0aa1b313cd",
    "https://denopkg.com/intv8/common-exceptions@dev/src/exceptions/memory_exception.ts": "4031501a5a41c281ee00c6e0f26a84db297cd9d6ceedf3dae0e489d2cb646f5c",
    "https://denopkg.com/intv8/common-exceptions@dev/src/exceptions/method_exception.ts": "ee80104a5f4a13772dd6a4c3dc2fab294d90be0b7e0b2d6a47e0a4dc6496d9bb",
    "https://denopkg.com/intv8/common-exceptions@dev/src/exceptions/mod.ts": "db55859d0dcdd572c501344c2dbd7d413ce83036931c93094117d55af9c5c07d",
    "https://denopkg.com/intv8/common-exceptions@dev/src/exceptions/not_found_exception.ts": "b53d5cbbca136ca222c08de1aa3c65e3136f812a74d46ff7ef0521075151872f",
    "https://denopkg.com/intv8/common-exceptions@dev/src/exceptions/not_implemented_exception.ts": "76bf6d7cc7045630271476a5ccd174c10469ad69b2d65d47b92c1d03301cc729",
    "https://denopkg.com/intv8/common-exceptions@dev/src/exceptions/not_supported_exception.ts": "cb9dc6221a90efa8bf67c6b82774671cbe1d957b925b00fb77e278a0f6d870e5",
    "https://denopkg.com/intv8/common-exceptions@dev/src/exceptions/os_exception.ts": "aa266caf3f875ab842ca1e1280d7625781b163f9eef6d3c03a07ccb3b7787a71",
    "https://denopkg.com/intv8/common-exceptions@dev/src/exceptions/process_exception.ts": "871f5541f22d8a8cb7f981a2b3bbbd14c24750d7f6a914be2580e3d7d0eff0c1",
    "https://denopkg.com/intv8/common-exceptions@dev/src/exceptions/range_exception.ts": "3c792682b1af2e1942eb85f4635e009896d3452d1265b218638e9dd4b680ed05",
    "https://denopkg.com/intv8/common-exceptions@dev/src/exceptions/recursion_exception.ts": "b207c6409ac9b9784b5ea3a7121c3ba61559fb2480c6b08de783011b1f4cc759",
    "https://denopkg.com/intv8/common-exceptions@dev/src/exceptions/timeout_exception.ts": "025700712a6ded264e038241c47897241df5aabd494340a2cfbdbc9de74a9b94",
    "https://denopkg.com/intv8/common-exceptions@dev/src/exceptions/value_exception.ts": "51d681d157720da2acc34994d9e293169ab06ac31e15f6da94cf3e06698be444",
    "https://denopkg.com/intv8/common-exceptions@dev/src/mod.ts": "499af2d2aac5498302a2a875bb27c7d3b5b3b8b5ec2fbd9d18c621bb6ce08d51",
    "https://denopkg.com/intv8/common-exceptions@dev/src/types/mod.ts": "8c523ceed8cbd58b58f17160021445451cdc5f9daf8b8fe55318614b2b166425",
    "https://denopkg.com/intv8/common-exceptions@dev/src/types/types.ts": "5c7826b87c41eea0ad9d99cff86e19c3af93f843cee2f15a94b655393c07a495",
    "https://denopkg.com/intv8/common-exceptions@dev/src/version.ts": "5f587d865bf8fc3baf3b75b488c118e9fd300cb5cb95c453af9ffbc77360d289",
    "https://denopkg.com/intv8/common-types@dev/mod.ts": "7dcc5cd9e3c35aaadf9a60852aa523b6f7ee8c6579c70e4aa3eac8b5d49e70f2",
    "https://denopkg.com/intv8/common-types@dev/src/mod.ts": "5bb4299416285798226216deb7ffbdf0e53c14d87cab719fb7eae6fe8a5937a2",
    "https://denopkg.com/intv8/common-types@dev/src/types/interfaces.ts": "1782abc13e89e65d1763e60465bab199ed880af2759c11d2929fa69bade5be74",
    "https://denopkg.com/intv8/common-types@dev/src/types/mod.ts": "5e9a4f4c72619069cea0b0f6060e043abc229d0f09af7ece4dbed9321b0ca369",
    "https://denopkg.com/intv8/common-types@dev/src/types/types.ts": "9c6d0ae0ae4323c9f217dc60a257f1f40e2e13ca968f317971a91cee111d9f04",
    "https://denopkg.com/intv8/common-types@dev/src/version.ts": "a4b7a75c30642eeee9c16f462fece16cf26494d4a656cd3d6825bd7407988ad1",
    "https://denopkg.com/intv8/core-exceptions@dev/__xsys_test_mod.ts": "df55890aabc5b2b8b0330c57a03ff572894ee44eeca92dabd298819a0ce0471e",
    "https://denopkg.com/intv8/core-exceptions@dev/deps.ts": "c7552f702715217a95ccaa6a304e04465f996ffc6e8b9aca19dbabdb081f2814",
    "https://denopkg.com/intv8/core-exceptions@dev/mod.ts": "9397012412b85ca7c67dda664b95e01eec008cde10a9feec8415e83bd49f201c",
    "https://denopkg.com/intv8/core-exceptions@dev/src/_internals/constants.ts": "a04b3784aa8db808f33f54ee5a8036c3c0932136787584d11223868640c6872d",
    "https://denopkg.com/intv8/core-exceptions@dev/src/_internals/mod.ts": "d904e78715fa77b9711aa132e77f0eafa914d098c89d2ff2425ffbb44a262739",
    "https://denopkg.com/intv8/core-exceptions@dev/src/_internals/validate_bounds.ts": "82a4849093da0bd73db67cd6bb16d07256666d8e5d1e0cdfd7a4d7e7cf10b9f7",
    "https://denopkg.com/intv8/core-exceptions@dev/src/exceptions/aborted_exception.ts": "94af66f1b70c79676d8273e1b17cea47ae89d93d87b42f4f699e3b6a75a7add6",
    "https://denopkg.com/intv8/core-exceptions@dev/src/exceptions/argument_exception.ts": "f02d6807aab2724aa51014c5a619f5658d942aed43afdcf43ea25a8566393789",
    "https://denopkg.com/intv8/core-exceptions@dev/src/exceptions/argument_index_exception.ts": "ed3ea91f2247a5823c52b533e2f36c1d31812d0d407cef873ca52e4da8387608",
    "https://denopkg.com/intv8/core-exceptions@dev/src/exceptions/assertion_exception.ts": "8e889a88e02128cb294e3b26806042376aa6468341d4624bc7f7ef5150791b49",
    "https://denopkg.com/intv8/core-exceptions@dev/src/exceptions/connection_exception.ts": "0756d0ffcbbe72db46ab617b8847d57a0141ff8040cdb602da0773e6942d0276",
    "https://denopkg.com/intv8/core-exceptions@dev/src/exceptions/decorator_exception.ts": "337658176bcd6960abcabc4bd0b53b325eab0df202453ee87b81347bd60016c6",
    "https://denopkg.com/intv8/core-exceptions@dev/src/exceptions/disk_exception.ts": "259a637b1bdc311a0d215a3fc102fbef1bf28c5153c1d1a31a350617410535f6",
    "https://denopkg.com/intv8/core-exceptions@dev/src/exceptions/exception.ts": "ca850e668e40f3b02f3ffaa75784862a060fcfe986f41f26384b4c3ac868e7f9",
    "https://denopkg.com/intv8/core-exceptions@dev/src/exceptions/external_exception.ts": "df1ec1f5273483e4d3b3d8bd6c1e418dd57b7ae75653ae907c1d26116e162892",
    "https://denopkg.com/intv8/core-exceptions@dev/src/exceptions/format_exception.ts": "9a3edc7fe843f0395f22f990e60e9287d406ed8d20e5801e0451c2f13ca225f3",
    "https://denopkg.com/intv8/core-exceptions@dev/src/exceptions/index_exception.ts": "19534e0fc5898da511f5c09282421685c99772d2536f4a624a1d656bfc88bcd5",
    "https://denopkg.com/intv8/core-exceptions@dev/src/exceptions/interrupt_exception.ts": "a49db4eabf8e9ac1363fbea07a473f3ca601a49967125aac7fddee0f1fa3a270",
    "https://denopkg.com/intv8/core-exceptions@dev/src/exceptions/invalid_exception.ts": "b72a14b56130f2bd25f98c99bf93e421f6150b8c96322905ce4d7c792dd9d612",
    "https://denopkg.com/intv8/core-exceptions@dev/src/exceptions/iteration_exception.ts": "4e6b3d5dff27319aee45c0f54efe35e290414a3c9fe1b144c8ce7248f520c422",
    "https://denopkg.com/intv8/core-exceptions@dev/src/exceptions/key_exception.ts": "9a7ddffc205219a4665afaa7f11f577d5b16d8667b92a595126e9d3e6bc12f55",
    "https://denopkg.com/intv8/core-exceptions@dev/src/exceptions/memory_exception.ts": "f256370975eefd61e8ac02c02fa3d7d38fd9a44502def7cf8eea158d3de7cd27",
    "https://denopkg.com/intv8/core-exceptions@dev/src/exceptions/method_exception.ts": "7f21a06aa80b63e0d611d8ffae3b55b08a7027db5fe5e6b4c44c7d60fa4199dd",
    "https://denopkg.com/intv8/core-exceptions@dev/src/exceptions/mod.ts": "fd7fd1b5666a0ea774ced18c30e55967eadc67194c47f24327b09128a0d32204",
    "https://denopkg.com/intv8/core-exceptions@dev/src/exceptions/not_found_exception.ts": "14ba319dc62849f70775ab071f045842d2d27ce692c6050529c12266fd661290",
    "https://denopkg.com/intv8/core-exceptions@dev/src/exceptions/not_implemented_exception.ts": "baed2a5b528dcf655fd62dcf23901f1b50250a2488c9b8bb96c241f238ae0ea4",
    "https://denopkg.com/intv8/core-exceptions@dev/src/exceptions/not_supported_exception.ts": "fff0186a64e2eee070a08eafbb3a396072131a541b2c205359ec779bac90d70f",
    "https://denopkg.com/intv8/core-exceptions@dev/src/exceptions/numeric_format_exception.ts": "746fc8c1863ac29591afd7319b613fab54d057d73a058aa506813b3e642b3ff2",
    "https://denopkg.com/intv8/core-exceptions@dev/src/exceptions/os_exception.ts": "e1a1a01ac74338dc7606fba64e30d366ca08f69a09c872a8ab0c1ae83702f32c",
    "https://denopkg.com/intv8/core-exceptions@dev/src/exceptions/parse_exception.ts": "8cea859a6938279a2bbedf28f6abe7d386d6f19fe91462d0e18e093ca193f0d2",
    "https://denopkg.com/intv8/core-exceptions@dev/src/exceptions/process_exception.ts": "5444e0c947b64c054efd262760aa23d2d6615d300195b4d8a60975f40934f6a7",
    "https://denopkg.com/intv8/core-exceptions@dev/src/exceptions/range_exception.ts": "c4db71269d950b2345ea1dc9a9c5b8a23684f3600283a948a1b1137958528439",
    "https://denopkg.com/intv8/core-exceptions@dev/src/exceptions/recursion_exception.ts": "dc5b70681050543b7e0edd99b91b39e383ef4234e51edffad4b6564096c95b50",
    "https://denopkg.com/intv8/core-exceptions@dev/src/exceptions/timeout_exception.ts": "13dea37c28130e6fd415c38603e76790cc53aa7b90d1148bcf4aa0edfd7041f0",
    "https://denopkg.com/intv8/core-exceptions@dev/src/exceptions/value_exception.ts": "eef830ee49d3cb0530acf01d0dca62254f388951b3dfc6c4c2e6a6fa6b176810",
    "https://denopkg.com/intv8/core-exceptions@dev/src/mod.ts": "2ab22700009b2d3994df05f15ebb6b4b487a2ab3cb809675651260e925ce5a80",
    "https://denopkg.com/intv8/core-exceptions@dev/src/types/mod.ts": "6672554bf23abd22fa765fb3b6004933c1a74841c07d9f25181010f29dfb8b93",
    "https://denopkg.com/intv8/core-exceptions@dev/src/types/types.ts": "b3706f09647db938c49ded26869e49c8ab07d20db273427e376185748e9f2939",
    "https://denopkg.com/intv8/core-exceptions@dev/src/version.ts": "09076368b269bf8b6fc6bc284f99198ed9708e5ae1b5b067aa9b211ca51b8add",
    "https://denopkg.com/intv8/core-exceptions@dev/tests/fixtures/unique_codes.fixtures.ts": "dcbc7f669ad04a059bac1cd03e8e1bec8cc76128edee62ec27eb4f31a324b4c4",
    "https://denopkg.com/intv8/core-types@dev/mod.ts": "ce3105cb6b12806916e54dde9a560c2372850c44fc8a8a32747106fd9823c620",
    "https://denopkg.com/intv8/core-types@dev/src/comparers.ts": "f9531d05a5239900922fab6dba7baf592a9bcf115951c6b8f940afee398a7506",
    "https://denopkg.com/intv8/core-types@dev/src/mod.ts": "7ff75d84a5462c019d6569d2357f3df98ec77d5693edab39cf7ed464976c932b",
    "https://denopkg.com/intv8/core-types@dev/src/types/enums.ts": "da84a2027982dd37161456fc0ffe0a028d719c30d7fc8cd19a878a5b3f5187bc",
    "https://denopkg.com/intv8/core-types@dev/src/types/enums/b_day_of_week.ts": "daa2a2135b7c34645a555024c725c2aaa1c90f0b5ced09529ab2f747646c30f9",
    "https://denopkg.com/intv8/core-types@dev/src/types/enums/b_month.ts": "e3dce1976bf28b0add6c4f0338175d351c8ceb17ed63fc4a0ee2871852009c2b",
    "https://denopkg.com/intv8/core-types@dev/src/types/enums/b_uri_component.ts": "4f96aaf94e972b32c05524f70fd08724ceafc5462a68f2c0bfbfd93122dcd5b3",
    "https://denopkg.com/intv8/core-types@dev/src/types/enums/comparison_result.ts": "b1522015364f10144905d18a373cdf6d058cee6d1c398318baaddd137a9397cc",
    "https://denopkg.com/intv8/core-types@dev/src/types/enums/console_color.ts": "80be3217dbe60ca25a0a27c4c37dd6ca3cf8c54d7d07d23d8e7e3b422d327cab",
    "https://denopkg.com/intv8/core-types@dev/src/types/enums/console_text_decoration.ts": "37cc3d0c1053af5d2e617ac17d750b42b87356a132b05175577f8750df3f4eac",
    "https://denopkg.com/intv8/core-types@dev/src/types/enums/control_key_code.ts": "d3fb4f33172ad205c939366220d9c52e55c03428e94b0f1ff9e13eb928bff55d",
    "https://denopkg.com/intv8/core-types@dev/src/types/enums/day_of_week.ts": "d2e1b18f5f075fe03437b2ce390cfbe84e90e286735707cb527a68391a57aeef",
    "https://denopkg.com/intv8/core-types@dev/src/types/enums/function_key_code.ts": "2fbb9072990a8eb0464ef33398a2ed66dd2be8e62c08ab61ca5c2a3e3a6e5b42",
    "https://denopkg.com/intv8/core-types@dev/src/types/enums/input_key_code.ts": "a339aebcf17fcecc79153e00ff33e641f191733c41fe32a33e15e8634679e735",
    "https://denopkg.com/intv8/core-types@dev/src/types/enums/key_code.ts": "0b9139a37119cc05669acfa83cb3affc78492881ce0744cb824de1983de32304",
    "https://denopkg.com/intv8/core-types@dev/src/types/enums/media_key_code.ts": "f62afb01a0065655ee479844bdf917114fac01171e736b75a72d1636b782af6f",
    "https://denopkg.com/intv8/core-types@dev/src/types/enums/mod.ts": "a193e70ce1e60ac2c53271cfac1acc38ea46dea27530d4c9355dbb5998fc6362",
    "https://denopkg.com/intv8/core-types@dev/src/types/enums/month.ts": "e5ef694ab569aebcc5279b067531896f4ea0f8916ee332373553193a183bb840",
    "https://denopkg.com/intv8/core-types@dev/src/types/enums/navigation_key_code.ts": "ec9f6b4dedcd90dba9438ee0b46446367ccd09281fbdbfd49bd9bd56f21c8643",
    "https://denopkg.com/intv8/core-types@dev/src/types/enums/num_pad_key_code.ts": "16526a2ed589cc0840b08f7503b992a69f5ec14e710e4d9606904ec0b63b6ae7",
    "https://denopkg.com/intv8/core-types@dev/src/types/enums/volume_key_code.ts": "43675459733b801622ea99fcd3876bbc994d0ace39df3f9b31b3f6ef883b44c7",
    "https://denopkg.com/intv8/core-types@dev/src/types/interfaces.ts": "95a535ecfd47f4b1bc3ee0b25d0f36690fe4bbbe9610265307d94d5bf87c6212",
    "https://denopkg.com/intv8/core-types@dev/src/types/mod.ts": "d77dbeb5acd2c2e7daf876fec9b403753b40807d1960ea8d06195d7584a72e84",
    "https://denopkg.com/intv8/core-types@dev/src/types/types.ts": "7573e19df7e4ce51d47ca07653ad6daef916758051cc6e9600e7b6e3604748d3",
    "https://denopkg.com/intv8/core-types@dev/src/version.ts": "7bb39cdc2f9041db8c889da069fbc64c3360d36ebf4d70030915b96b694133c0",
    "https://denopkg.com/intv8/dispose@dev/deps.ts": "7ba4b60f8cfb280301d4c2810f94a30055b0345758c12a669621a744c6e7abde",
    "https://denopkg.com/intv8/dispose@dev/mod.ts": "35efdebadfce44285c9796ef8a6a6303903e8e6568a2db3df01e5c72b9f84df5",
    "https://denopkg.com/intv8/dispose@dev/src/_internals/dispose_internal.ts": "abbaedc6665cdcb3c19e22ac5486754d51c234ff17dc9b5667bc255d86bacc0f",
    "https://denopkg.com/intv8/dispose@dev/src/_internals/mod.ts": "50583f15215118e211342cdb6c1101b9cb4963ec58c1c44ff019b275e6d501c5",
    "https://denopkg.com/intv8/dispose@dev/src/abstract_disposable.ts": "0e80362556d727804d6c5cb0587bb4cc288aa5bed4f4be21602f955c82caf49b",
    "https://denopkg.com/intv8/dispose@dev/src/assert_not_disposed.ts": "3b09665e15aca93d7d9066ef6f51273365e22b0b631ed2bae4a4feca596d5926",
    "https://denopkg.com/intv8/dispose@dev/src/disposable_pool.ts": "c385c9fdfd0bf6dcfbe58fda7f38445850229ca2c6ad2d06dbf34004954ded11",
    "https://denopkg.com/intv8/dispose@dev/src/dispose.ts": "836a0b97083969e0d9023c019778fa24bdaa18da8603f1ab92ae6e26ad475db4",
    "https://denopkg.com/intv8/dispose@dev/src/exceptions/mod.ts": "528c2e562bca188e15edaf569a97b7f0251faed7c87c263165090a3ae27d9f41",
    "https://denopkg.com/intv8/dispose@dev/src/exceptions/object_disposed_exception.ts": "47dee197460b0ec3561f718945dbc1c2bd8bebae01bc5c8f8951d38353a7add4",
    "https://denopkg.com/intv8/dispose@dev/src/mod.ts": "28c52bcf668698013b93e9a7d1e57521dd8fec1985bce2da6d21a27bd714248f",
    "https://denopkg.com/intv8/dispose@dev/src/types/interfaces.ts": "eb546fd2046100dfcd0546676cf8b8cdc0a5a5db5153b4dd14ded543ea8ae641",
    "https://denopkg.com/intv8/dispose@dev/src/types/mod.ts": "d0388c6492ccf996c634e326fb61bc212b5defae7c36ebad97a849dff26d9af5",
    "https://denopkg.com/intv8/dispose@dev/src/using.ts": "eb5ffaa94aa516d7ba32930a5d1ca0c41c358fa38fa086c721baf793340931d9",
    "https://denopkg.com/intv8/dispose@dev/src/version.ts": "18b4e7d9934d4b428d536fe4120c4772468099471581687c6fa31bcfd354ea1d",
    "https://denopkg.com/intv8/events@dev/deps.ts": "578f6d85116b96aaa2049a1ec4b1ea75848b0b9eba49690dba4ae42f8d04d122",
    "https://denopkg.com/intv8/events@dev/mod.ts": "7b5b4f24cc4d58b2b0a30e4dfc6144cdbf1caa88668d2980298d3e826c734d46",
    "https://denopkg.com/intv8/events@dev/src/_internals/event_observer.ts": "48d159b13a2187b954fc7739086a349d9d74a1364ce2bbbb9dd405b055861bf6",
    "https://denopkg.com/intv8/events@dev/src/_internals/events.ts": "a9cb310ba88f13e8ba49df37256d315d539d4d8b3c6c54a2c2fd4dc1f778842e",
    "https://denopkg.com/intv8/events@dev/src/_internals/mod.ts": "f13a27884ef3b9a91f1c4ac52aea45a79bccbb3bc6195ce7218c5d7e35ca5482",
    "https://denopkg.com/intv8/events@dev/src/event_emitter.ts": "7d2d09f48c16e6130f244516b105396769f4c06768d89dae9c226d70a657ebdd",
    "https://denopkg.com/intv8/events@dev/src/event_manager.ts": "01f53d9e121e5ae559787b8ef2f1741fcc2689048d71480e0a0d37ed82eedeb4",
    "https://denopkg.com/intv8/events@dev/src/mod.ts": "af506358326ed6c7fb62542a14d4d4d88eca05d8bf7e2a1774adcca910b761b0",
    "https://denopkg.com/intv8/events@dev/src/types/mod.ts": "474881eb2aa810d7ac11c5cc3414799ee38c42d31122cb5ffde79298108f8981",
    "https://denopkg.com/intv8/events@dev/src/types/types.ts": "6df732e8ee5a4c1afd9891e18063c07c63d9011baa9841325e9e004d036556bc",
    "https://denopkg.com/intv8/events@dev/src/version.ts": "fddc47df9635874924951a51e3405a2ebf1bac51efbc22647154a223056e1d66",
    "https://denopkg.com/intv8/observe@dev/deps.ts": "c562061af67781bfa3e5b9fb38690719119cd7b7fc6f70dadf2d408a56be3e9c",
    "https://denopkg.com/intv8/observe@dev/mod.ts": "63440761f6046cede95018f3015a6f29063337ad7d0692147eb2d96e4138d2e1",
    "https://denopkg.com/intv8/observe@dev/src/mod.ts": "05c8c68656d66a806442d4ad46433e46697f465b611e9958e887b1433051a874",
    "https://denopkg.com/intv8/observe@dev/src/types/interfaces.ts": "ace9945e48340faef254d4d3c8468f2d6e2c048046d18bbe1eef8e3b85277181",
    "https://denopkg.com/intv8/observe@dev/src/types/mod.ts": "5f64372bb851459bdf3c7980f7ff2879301715799d47b76498f37b291feac672",
    "https://denopkg.com/intv8/observe@dev/src/version.ts": "945eba9a10feedf81d11c3bdf027a7e7d99d4c7c3cef9d7183ae0aa344719301"
  }
}
