{
  "version": "2",
  "remote": {
    "https://deno.land/std@0.186.0/fmt/colors.ts": "d67e3cd9f472535241a8e410d33423980bec45047e343577554d3356e1f0ef4e",
    "https://deno.land/std@0.186.0/testing/_diff.ts": "1a3c044aedf77647d6cac86b798c6417603361b66b54c53331b312caeb447aea",
    "https://deno.land/std@0.186.0/testing/_format.ts": "a69126e8a469009adf4cf2a50af889aca364c349797e63174884a52ff75cf4c7",
    "https://deno.land/std@0.186.0/testing/_test_suite.ts": "30f018feeb3835f12ab198d8a518f9089b1bcb2e8c838a8b615ab10d5005465c",
    "https://deno.land/std@0.186.0/testing/asserts.ts": "e16d98b4d73ffc4ed498d717307a12500ae4f2cbe668f1a215632d19fcffc22f",
    "https://deno.land/std@0.186.0/testing/bdd.ts": "59f7f7503066d66a12e50ace81bfffae5b735b6be1208f5684b630ae6b4de1d0",
    "https://deno.land/std@0.186.0/testing/mock.ts": "220ed9b8151cb2cac141043d4cfea7c47673fab5d18d1c1f0943297c8afb5d13",
    "https://denopkg.com/partic11e/core-exceptions@dev/__xsys_test_mod.ts": "927ca5430cbc2969ece2020565e1cbe9881f365ba913ba33fbc4b93b595570f3",
    "https://denopkg.com/partic11e/core-exceptions@dev/deps.ts": "ec7c7f90309d896c2b2f4e278ce173351860b2dcc1e5fb0bb5be4fe9ae8431a3",
    "https://denopkg.com/partic11e/core-exceptions@dev/mod.ts": "14a0b7d44b2da1be6699db45c826d1a8e5a7c1c0df760bc947a2fa919ec607bd",
    "https://denopkg.com/partic11e/core-exceptions@dev/src/_internals/constants.ts": "59db7d6260285d2b356ed751e92d53db5f3efe143fc3edb08b6a9f2480a8c8f3",
    "https://denopkg.com/partic11e/core-exceptions@dev/src/_internals/mod.ts": "17f66c9a8fe6dfbb88bb3d57f5daabfedf3cee753dbffacce5c5f7a983c5dae1",
    "https://denopkg.com/partic11e/core-exceptions@dev/src/_internals/validate_bounds.ts": "d80ef35536095ce012b6ad0bb2b214e22edb04b9b9c5ca74d459bcc4ce0de9ac",
    "https://denopkg.com/partic11e/core-exceptions@dev/src/exceptions/aborted_exception.ts": "bb3fe3dcce9c612ccc2d2f3c697423d1b0cdb1f9e992cb1c183a15d0bffa79e8",
    "https://denopkg.com/partic11e/core-exceptions@dev/src/exceptions/argument_exception.ts": "6aecc6f786370433170b18a0cbf9f3169ffb3484989f2a7b955823cc2af1fbdd",
    "https://denopkg.com/partic11e/core-exceptions@dev/src/exceptions/argument_index_exception.ts": "92da4bce929290f05b5ecfd597fa7ae8e2b97c09d5d7759800a37eaf22acf3b9",
    "https://denopkg.com/partic11e/core-exceptions@dev/src/exceptions/assertion_exception.ts": "7c66f76d56bf0220bb4ac048f978ed3575df1a9110724bf0d8af777faf341aee",
    "https://denopkg.com/partic11e/core-exceptions@dev/src/exceptions/connection_exception.ts": "271f27ceeec84d7fedbd3d8efa87e642587219fe724554d11df3d26eb1c9354e",
    "https://denopkg.com/partic11e/core-exceptions@dev/src/exceptions/decorator_exception.ts": "98895950c0b269f753746033c977119ff6ed49cc6955fd9d37e764186390bc4c",
    "https://denopkg.com/partic11e/core-exceptions@dev/src/exceptions/disk_exception.ts": "37888c76784d7ddaa930313396b906a19eb7348eefb5253f26d7d95a9cd71bab",
    "https://denopkg.com/partic11e/core-exceptions@dev/src/exceptions/exception.ts": "3937d692ea963f4f765428bd9f98b7d01724e32b7da562c0b50588638d46ac5b",
    "https://denopkg.com/partic11e/core-exceptions@dev/src/exceptions/external_exception.ts": "fbd9d8fd74e63ee1026f0c6650f5cdd2ac991294acd26aaeff394233200a5210",
    "https://denopkg.com/partic11e/core-exceptions@dev/src/exceptions/format_exception.ts": "e54b7ad1ea4037dc46009e2c1db2b699f59813368bc4a0597484a1dd53edf360",
    "https://denopkg.com/partic11e/core-exceptions@dev/src/exceptions/index_exception.ts": "bc96b1651108bd9e8c42ef28062d93e76bc13d2e962cc80a1f3f359d43896421",
    "https://denopkg.com/partic11e/core-exceptions@dev/src/exceptions/interrupt_exception.ts": "8bc8ed5e4a912aadeebb4eaffc419257a9639cfc67c2ab463be8892ca6fad9ae",
    "https://denopkg.com/partic11e/core-exceptions@dev/src/exceptions/invalid_exception.ts": "2cffc447558666796a3a97b63c58c0719331716a3cb8134afb3aedb08dd96b05",
    "https://denopkg.com/partic11e/core-exceptions@dev/src/exceptions/iteration_exception.ts": "309359783424ad434eb7818a6546cf1fe40c957bff81e658ed21ca631b13c937",
    "https://denopkg.com/partic11e/core-exceptions@dev/src/exceptions/key_exception.ts": "db05f0d873a220e5dd15e6a8b046446d6635d39222e45f8d81b00bd617f580d1",
    "https://denopkg.com/partic11e/core-exceptions@dev/src/exceptions/memory_exception.ts": "df616f8f93c9107ea3caa89511333da80749f305f2d92025b8599df377ce94a6",
    "https://denopkg.com/partic11e/core-exceptions@dev/src/exceptions/method_exception.ts": "3e70aee9209dcb0d41a86b07f5a27300f593e9f5e16261411aaf384cbe20e59e",
    "https://denopkg.com/partic11e/core-exceptions@dev/src/exceptions/mod.ts": "bac85dcf28a7ac27939d5904e81eb08faf13b12e76b566cf83fa83dd8d49a962",
    "https://denopkg.com/partic11e/core-exceptions@dev/src/exceptions/not_found_exception.ts": "0d63c97ccdbc51fcc03560963e3bf3eaf8a6b8b0cef95a65c1af6714bb39314f",
    "https://denopkg.com/partic11e/core-exceptions@dev/src/exceptions/not_implemented_exception.ts": "e69d241cd7fb04452983caca092217174730556e2768defc646a22ba48321a5f",
    "https://denopkg.com/partic11e/core-exceptions@dev/src/exceptions/not_supported_exception.ts": "80b76b0981d790b7f06d09094396700c46a5ebf4364fcb4e0c65534b7403670b",
    "https://denopkg.com/partic11e/core-exceptions@dev/src/exceptions/numeric_format_exception.ts": "4a9e412fe9d20b3dad5b668d3a6f9fffdcc27ad8cff077debfd68be065945eae",
    "https://denopkg.com/partic11e/core-exceptions@dev/src/exceptions/os_exception.ts": "7c50d38f1ae853f4b18e53d95e9c0b7cd2f574a6e3b642e5a8008424cff7372c",
    "https://denopkg.com/partic11e/core-exceptions@dev/src/exceptions/parse_exception.ts": "484a06814924813ea866d41a0d3e1f41c6107560867a38888f86bf9eab86a6e1",
    "https://denopkg.com/partic11e/core-exceptions@dev/src/exceptions/process_exception.ts": "2c6fbf969e2534015e85b4f13bdfd285d508ddf218f75ee0cd44c6cdc5a039e1",
    "https://denopkg.com/partic11e/core-exceptions@dev/src/exceptions/range_exception.ts": "ddde82b5d6c95fd472426144b4515b0d7d06090863026c135455949ce5c2a995",
    "https://denopkg.com/partic11e/core-exceptions@dev/src/exceptions/recursion_exception.ts": "51e49376cd2c93c0df3504ec0d785b1f268deab03143f0c7a87e13b18e23d6de",
    "https://denopkg.com/partic11e/core-exceptions@dev/src/exceptions/timeout_exception.ts": "403e9f0704d9f1ea248abe052358d479160d6d60b0eb2f6b7dc476ddec28e3bf",
    "https://denopkg.com/partic11e/core-exceptions@dev/src/exceptions/value_exception.ts": "e6ffdf8841248e6e68ec1ec0a3d6048918a0d00e6e15c0b8bf7b818a9040658e",
    "https://denopkg.com/partic11e/core-exceptions@dev/src/mod.ts": "10be406330daeab0009b776ef3e5745de404f6546d4cc7813f15c2683ffc3d31",
    "https://denopkg.com/partic11e/core-exceptions@dev/src/types/mod.ts": "9436cc169d976c8ee417bbb3cb9fe7627851a748cf6016b02776c8f457fc76df",
    "https://denopkg.com/partic11e/core-exceptions@dev/src/types/types.ts": "623d1e76b354d0601f35318b46cbb3a3ed3436d5b41fb797d51614db8ad15f2d",
    "https://denopkg.com/partic11e/core-exceptions@dev/src/version.ts": "e43a68f5d8ef74c5040c2e83c8633db3e0517075c50bf08ac707cfd982e3644a",
    "https://denopkg.com/partic11e/core-exceptions@dev/tests/fixtures/unique_codes.fixtures.ts": "a5e8275e9b08481e17ac6735a6489972602f3ed18c1ed84c40202711fb54f2f7",
    "https://denopkg.com/partic11e/core-types@dev/mod.ts": "3009c01dcd88c4f494b7e47c9a753019c7f7482a365326add42daf3f8a98c5e8",
    "https://denopkg.com/partic11e/core-types@dev/src/mod.ts": "d5709561cb82b311f8468bb149a2d7a09cffcc1db8ddd053819501b63ab95893",
    "https://denopkg.com/partic11e/core-types@dev/src/types/enums.ts": "b50fc583f2e60d5588a3b86759b62736703631985173cb078c9b3e0a8aad878b",
    "https://denopkg.com/partic11e/core-types@dev/src/types/enums/b_day_of_week.ts": "3239753bfe227f13a455c5c06a1dff136d68749f08a3550b889cacf2895441d3",
    "https://denopkg.com/partic11e/core-types@dev/src/types/enums/b_month.ts": "d636e2cd2b89bc4e4b1e83be54bdc08bfa711ebfb08c8d703a51186f4cec21b6",
    "https://denopkg.com/partic11e/core-types@dev/src/types/enums/b_uri_component.ts": "a0dfa33f6b9789578242d6e40fd95393bd5f23e0e8a4459df7f16ca8b48b5cd1",
    "https://denopkg.com/partic11e/core-types@dev/src/types/enums/comparison_result.ts": "531bd0902ddea796e8bd2aa3c93228b32921dd2fae9e0f7f20155ecaafa2ed14",
    "https://denopkg.com/partic11e/core-types@dev/src/types/enums/console_color.ts": "e684e2f8cb948e380e48086c0abfe59a89a0c716b6e9774bf6e62056d879e55c",
    "https://denopkg.com/partic11e/core-types@dev/src/types/enums/console_text_decoration.ts": "01d91d1f9cc500bc8bb2f2e48913c77ea4510cb56f9a040ef2681624480ebb0e",
    "https://denopkg.com/partic11e/core-types@dev/src/types/enums/control_key_code.ts": "61334ddfdbd4af794592bb26eb88b3ca580860b7773cc0e0e134fc06918944af",
    "https://denopkg.com/partic11e/core-types@dev/src/types/enums/day_of_week.ts": "29edf61a3c321991162a8c920c8cc7191e05cd7389396e42dc5a23bc8444c7ca",
    "https://denopkg.com/partic11e/core-types@dev/src/types/enums/function_key_code.ts": "7741fe8a5bbd049e92b11fa74c73ea09703b1e88f6804874d702e89cf4968ace",
    "https://denopkg.com/partic11e/core-types@dev/src/types/enums/input_key_code.ts": "a9bd08a02f7186bb0c9c5629867f7d5292d1c867d6e1e566a4088e4acc38d109",
    "https://denopkg.com/partic11e/core-types@dev/src/types/enums/key_code.ts": "d5ad46f646268face3c29a33b45cf1b6fd78c605eec62437f98730357346ef86",
    "https://denopkg.com/partic11e/core-types@dev/src/types/enums/media_key_code.ts": "434845143fb9626ba7b3175b305f6232b4068d15f1c696f99ea7993e82897297",
    "https://denopkg.com/partic11e/core-types@dev/src/types/enums/mod.ts": "bc90c42d907f895fa77798d20f1b1833559548fb5be86a94f3e071688555cadc",
    "https://denopkg.com/partic11e/core-types@dev/src/types/enums/month.ts": "0d4e77bedac17daf1c25b6cfb03f1ca3828bd400cf8f08b68b2876e56ef98a63",
    "https://denopkg.com/partic11e/core-types@dev/src/types/enums/navigation_key_code.ts": "76112e99af1a303b55f10716ea1c887812246e3bdb4af59a3c0dbbb4073bfd08",
    "https://denopkg.com/partic11e/core-types@dev/src/types/enums/num_pad_key_code.ts": "ecbdf2fea3c33fe4a85ecc5c9da7fc87afa8022af37ea50fd168a2cc6e08ce39",
    "https://denopkg.com/partic11e/core-types@dev/src/types/enums/volume_key_code.ts": "f977a4ae3ae4de1565897e5f088807b224cd040c94c9d8c0cf238a7fc6791811",
    "https://denopkg.com/partic11e/core-types@dev/src/types/interfaces.ts": "4e76d2e3c17f12366d721d1c6d71b8d5c2218891cf20e194403f565a4730913b",
    "https://denopkg.com/partic11e/core-types@dev/src/types/mod.ts": "b801f086bdad8a4a9a65f36ef9f2bddf143571abe72574305b19c7513f44f2d6",
    "https://denopkg.com/partic11e/core-types@dev/src/types/types.ts": "0ab3d3cce22ae6c8e12e8c804b00fdbb8c6f8ddb9eb41663f7bbc5a5084e1696",
    "https://denopkg.com/partic11e/core-types@dev/src/version.ts": "cf5378960bc1773c10d489af01188cdfd0bd0c2f3cd9189bf7982cf18362f4af"
  }
}
